// !$*UTF8*$!
{
	archiveVersion = 1;
	classes = {
	};
	objectVersion = 56;
	objects = {

/* Begin PBXBuildFile section */
		8A4BAD8E296B565E0053C003 /* ToyViewModel.swift in Sources */ = {isa = PBXBuildFile; fileRef = 8A4BAD8D296B565E0053C003 /* ToyViewModel.swift */; };
		8A4BAD90296B56880053C003 /* Toy.swift in Sources */ = {isa = PBXBuildFile; fileRef = 8A4BAD8F296B56880053C003 /* Toy.swift */; };
		8A4BAD92296B569B0053C003 /* BabyToyView.swift in Sources */ = {isa = PBXBuildFile; fileRef = 8A4BAD91296B569B0053C003 /* BabyToyView.swift */; };
		8A4BAD94296B56B20053C003 /* ToyContainer.swift in Sources */ = {isa = PBXBuildFile; fileRef = 8A4BAD93296B56B20053C003 /* ToyContainer.swift */; };
		8A4BAD96296B56CE0053C003 /* DraggableToy.swift in Sources */ = {isa = PBXBuildFile; fileRef = 8A4BAD95296B56CE0053C003 /* DraggableToy.swift */; };
		8A4BADB9296BEE5C0053C003 /* Localizable.strings in Resources */ = {isa = PBXBuildFile; fileRef = 8A4BADBB296BEE5C0053C003 /* Localizable.strings */; };
		8ACD4CAA296A0469003ACE0A /* BabyGiraffeApp.swift in Sources */ = {isa = PBXBuildFile; fileRef = 8ACD4CA9296A0469003ACE0A /* BabyGiraffeApp.swift */; };
		8ACD4CAE296A046A003ACE0A /* Assets.xcassets in Resources */ = {isa = PBXBuildFile; fileRef = 8ACD4CAD296A046A003ACE0A /* Assets.xcassets */; };
		8ACD4CB1296A046A003ACE0A /* Preview Assets.xcassets in Resources */ = {isa = PBXBuildFile; fileRef = 8ACD4CB0296A046A003ACE0A /* Preview Assets.xcassets */; };
		8ACD4CB8296A07A7003ACE0A /* Splach.swift in Sources */ = {isa = PBXBuildFile; fileRef = 8ACD4CB7296A07A7003ACE0A /* Splach.swift */; };
/* End PBXBuildFile section */

/* Begin PBXFileReference section */
		8A4BAD8D296B565E0053C003 /* ToyViewModel.swift */ = {isa = PBXFileReference; lastKnownFileType = sourcecode.swift; path = ToyViewModel.swift; sourceTree = "<group>"; };
		8A4BAD8F296B56880053C003 /* Toy.swift */ = {isa = PBXFileReference; lastKnownFileType = sourcecode.swift; path = Toy.swift; sourceTree = "<group>"; };
		8A4BAD91296B569B0053C003 /* BabyToyView.swift */ = {isa = PBXFileReference; lastKnownFileType = sourcecode.swift; path = BabyToyView.swift; sourceTree = "<group>"; };
		8A4BAD93296B56B20053C003 /* ToyContainer.swift */ = {isa = PBXFileReference; lastKnownFileType = sourcecode.swift; path = ToyContainer.swift; sourceTree = "<group>"; };
		8A4BAD95296B56CE0053C003 /* DraggableToy.swift */ = {isa = PBXFileReference; lastKnownFileType = sourcecode.swift; path = DraggableToy.swift; sourceTree = "<group>"; };
		8A4BADBA296BEE5C0053C003 /* en */ = {isa = PBXFileReference; lastKnownFileType = text.plist.strings; name = en; path = en.lproj/Localizable.strings; sourceTree = "<group>"; };
		8A4BADBC296BEE5E0053C003 /* ar */ = {isa = PBXFileReference; lastKnownFileType = text.plist.strings; name = ar; path = ar.lproj/Localizable.strings; sourceTree = "<group>"; };
		8ACD4CA6296A0469003ACE0A /* BabyGiraffe.app */ = {isa = PBXFileReference; explicitFileType = wrapper.application; includeInIndex = 0; path = BabyGiraffe.app; sourceTree = BUILT_PRODUCTS_DIR; };
		8ACD4CA9296A0469003ACE0A /* BabyGiraffeApp.swift */ = {isa = PBXFileReference; lastKnownFileType = sourcecode.swift; path = BabyGiraffeApp.swift; sourceTree = "<group>"; };
		8ACD4CAD296A046A003ACE0A /* Assets.xcassets */ = {isa = PBXFileReference; lastKnownFileType = folder.assetcatalog; path = Assets.xcassets; sourceTree = "<group>"; };
		8ACD4CB0296A046A003ACE0A /* Preview Assets.xcassets */ = {isa = PBXFileReference; lastKnownFileType = folder.assetcatalog; path = "Preview Assets.xcassets"; sourceTree = "<group>"; };
		8ACD4CB7296A07A7003ACE0A /* Splach.swift */ = {isa = PBXFileReference; lastKnownFileType = sourcecode.swift; path = Splach.swift; sourceTree = "<group>"; };
/* End PBXFileReference section */

/* Begin PBXFrameworksBuildPhase section */
		8ACD4CA3296A0469003ACE0A /* Frameworks */ = {
			isa = PBXFrameworksBuildPhase;
			buildActionMask = 2147483647;
			files = (
			);
			runOnlyForDeploymentPostprocessing = 0;
		};
/* End PBXFrameworksBuildPhase section */

/* Begin PBXGroup section */
		8A4BAD8A296B56300053C003 /* View */ = {
			isa = PBXGroup;
			children = (
				8A4BAD91296B569B0053C003 /* BabyToyView.swift */,
				8A4BAD93296B56B20053C003 /* ToyContainer.swift */,
				8A4BAD95296B56CE0053C003 /* DraggableToy.swift */,
			);
			path = View;
			sourceTree = "<group>";
		};
		8A4BAD8B296B56360053C003 /* Model */ = {
			isa = PBXGroup;
			children = (
				8A4BAD8F296B56880053C003 /* Toy.swift */,
			);
			path = Model;
			sourceTree = "<group>";
		};
		8A4BAD8C296B563E0053C003 /* ViewModel */ = {
			isa = PBXGroup;
			children = (
				8A4BAD8D296B565E0053C003 /* ToyViewModel.swift */,
			);
			path = ViewModel;
			sourceTree = "<group>";
		};
		8ACD4C9D296A0469003ACE0A = {
			isa = PBXGroup;
			children = (
				8ACD4CA8296A0469003ACE0A /* BabyGiraffe */,
				8ACD4CA7296A0469003ACE0A /* Products */,
			);
			sourceTree = "<group>";
		};
		8ACD4CA7296A0469003ACE0A /* Products */ = {
			isa = PBXGroup;
			children = (
				8ACD4CA6296A0469003ACE0A /* BabyGiraffe.app */,
			);
			name = Products;
			sourceTree = "<group>";
		};
		8ACD4CA8296A0469003ACE0A /* BabyGiraffe */ = {
			isa = PBXGroup;
			children = (
				8A4BAD8C296B563E0053C003 /* ViewModel */,
				8A4BAD8B296B56360053C003 /* Model */,
				8A4BAD8A296B56300053C003 /* View */,
				8ACD4CB7296A07A7003ACE0A /* Splach.swift */,
				8ACD4CA9296A0469003ACE0A /* BabyGiraffeApp.swift */,
				8A4BADBB296BEE5C0053C003 /* Localizable.strings */,
				8ACD4CAD296A046A003ACE0A /* Assets.xcassets */,
				8ACD4CAF296A046A003ACE0A /* Preview Content */,
			);
			path = BabyGiraffe;
			sourceTree = "<group>";
		};
		8ACD4CAF296A046A003ACE0A /* Preview Content */ = {
			isa = PBXGroup;
			children = (
				8ACD4CB0296A046A003ACE0A /* Preview Assets.xcassets */,
			);
			path = "Preview Content";
			sourceTree = "<group>";
		};
/* End PBXGroup section */

/* Begin PBXNativeTarget section */
		8ACD4CA5296A0469003ACE0A /* BabyGiraffe */ = {
			isa = PBXNativeTarget;
			buildConfigurationList = 8ACD4CB4296A046A003ACE0A /* Build configuration list for PBXNativeTarget "BabyGiraffe" */;
			buildPhases = (
				8ACD4CA2296A0469003ACE0A /* Sources */,
				8ACD4CA3296A0469003ACE0A /* Frameworks */,
				8ACD4CA4296A0469003ACE0A /* Resources */,
			);
			buildRules = (
			);
			dependencies = (
			);
			name = BabyGiraffe;
			productName = BabyGiraffe;
			productReference = 8ACD4CA6296A0469003ACE0A /* BabyGiraffe.app */;
			productType = "com.apple.product-type.application";
		};
/* End PBXNativeTarget section */

/* Begin PBXProject section */
		8ACD4C9E296A0469003ACE0A /* Project object */ = {
			isa = PBXProject;
			attributes = {
				BuildIndependentTargetsInParallel = 1;
				LastSwiftUpdateCheck = 1420;
				LastUpgradeCheck = 1420;
				TargetAttributes = {
					8ACD4CA5296A0469003ACE0A = {
						CreatedOnToolsVersion = 14.2;
					};
				};
			};
			buildConfigurationList = 8ACD4CA1296A0469003ACE0A /* Build configuration list for PBXProject "BabyGiraffe" */;
			compatibilityVersion = "Xcode 14.0";
			developmentRegion = en;
			hasScannedForEncodings = 0;
			knownRegions = (
				en,
				Base,
				ar,
			);
			mainGroup = 8ACD4C9D296A0469003ACE0A;
			productRefGroup = 8ACD4CA7296A0469003ACE0A /* Products */;
			projectDirPath = "";
			projectRoot = "";
			targets = (
				8ACD4CA5296A0469003ACE0A /* BabyGiraffe */,
			);
		};
/* End PBXProject section */

/* Begin PBXResourcesBuildPhase section */
		8ACD4CA4296A0469003ACE0A /* Resources */ = {
			isa = PBXResourcesBuildPhase;
			buildActionMask = 2147483647;
			files = (
				8ACD4CB1296A046A003ACE0A /* Preview Assets.xcassets in Resources */,
				8A4BADB9296BEE5C0053C003 /* Localizable.strings in Resources */,
				8ACD4CAE296A046A003ACE0A /* Assets.xcassets in Resources */,
			);
			runOnlyForDeploymentPostprocessing = 0;
		};
/* End PBXResourcesBuildPhase section */

/* Begin PBXSourcesBuildPhase section */
		8ACD4CA2296A0469003ACE0A /* Sources */ = {
			isa = PBXSourcesBuildPhase;
			buildActionMask = 2147483647;
			files = (
				8A4BAD94296B56B20053C003 /* ToyContainer.swift in Sources */,
				8A4BAD96296B56CE0053C003 /* DraggableToy.swift in Sources */,
				8A4BAD8E296B565E0053C003 /* ToyViewModel.swift in Sources */,
				8A4BAD90296B56880053C003 /* Toy.swift in Sources */,
				8A4BAD92296B569B0053C003 /* BabyToyView.swift in Sources */,
				8ACD4CAA296A0469003ACE0A /* BabyGiraffeApp.swift in Sources */,
				8ACD4CB8296A07A7003ACE0A /* Splach.swift in Sources */,
			);
			runOnlyForDeploymentPostprocessing = 0;
		};
/* End PBXSourcesBuildPhase section */

/* Begin PBXVariantGroup section */
		8A4BADBB296BEE5C0053C003 /* Localizable.strings */ = {
			isa = PBXVariantGroup;
			children = (
				8A4BADBA296BEE5C0053C003 /* en */,
				8A4BADBC296BEE5E0053C003 /* ar */,
			);
			name = Localizable.strings;
			sourceTree = "<group>";
		};
/* End PBXVariantGroup section */

/* Begin XCBuildConfiguration section */
		8ACD4CB2296A046A003ACE0A /* Debug */ = {
			isa = XCBuildConfiguration;
			buildSettings = {
				ALWAYS_SEARCH_USER_PATHS = NO;
				CLANG_ANALYZER_NONNULL = YES;
				CLANG_ANALYZER_NUMBER_OBJECT_CONVERSION = YES_AGGRESSIVE;
				CLANG_CXX_LANGUAGE_STANDARD = "gnu++20";
				CLANG_ENABLE_MODULES = YES;
				CLANG_ENABLE_OBJC_ARC = YES;
				CLANG_ENABLE_OBJC_WEAK = YES;
				CLANG_WARN_BLOCK_CAPTURE_AUTORELEASING = YES;
				CLANG_WARN_BOOL_CONVERSION = YES;
				CLANG_WARN_COMMA = YES;
				CLANG_WARN_CONSTANT_CONVERSION = YES;
				CLANG_WARN_DEPRECATED_OBJC_IMPLEMENTATIONS = YES;
				CLANG_WARN_DIRECT_OBJC_ISA_USAGE = YES_ERROR;
				CLANG_WARN_DOCUMENTATION_COMMENTS = YES;
				CLANG_WARN_EMPTY_BODY = YES;
				CLANG_WARN_ENUM_CONVERSION = YES;
				CLANG_WARN_INFINITE_RECURSION = YES;
				CLANG_WARN_INT_CONVERSION = YES;
				CLANG_WARN_NON_LITERAL_NULL_CONVERSION = YES;
				CLANG_WARN_OBJC_IMPLICIT_RETAIN_SELF = YES;
				CLANG_WARN_OBJC_LITERAL_CONVERSION = YES;
				CLANG_WARN_OBJC_ROOT_CLASS = YES_ERROR;
				CLANG_WARN_QUOTED_INCLUDE_IN_FRAMEWORK_HEADER = YES;
				CLANG_WARN_RANGE_LOOP_ANALYSIS = YES;
				CLANG_WARN_STRICT_PROTOTYPES = YES;
				CLANG_WARN_SUSPICIOUS_MOVE = YES;
				CLANG_WARN_UNGUARDED_AVAILABILITY = YES_AGGRESSIVE;
				CLANG_WARN_UNREACHABLE_CODE = YES;
				CLANG_WARN__DUPLICATE_METHOD_MATCH = YES;
				COPY_PHASE_STRIP = NO;
				DEBUG_INFORMATION_FORMAT = dwarf;
				ENABLE_STRICT_OBJC_MSGSEND = YES;
				ENABLE_TESTABILITY = YES;
				GCC_C_LANGUAGE_STANDARD = gnu11;
				GCC_DYNAMIC_NO_PIC = NO;
				GCC_NO_COMMON_BLOCKS = YES;
				GCC_OPTIMIZATION_LEVEL = 0;
				GCC_PREPROCESSOR_DEFINITIONS = (
					"DEBUG=1",
					"$(inherited)",
				);
				GCC_WARN_64_TO_32_BIT_CONVERSION = YES;
				GCC_WARN_ABOUT_RETURN_TYPE = YES_ERROR;
				GCC_WARN_UNDECLARED_SELECTOR = YES;
				GCC_WARN_UNINITIALIZED_AUTOS = YES_AGGRESSIVE;
				GCC_WARN_UNUSED_FUNCTION = YES;
				GCC_WARN_UNUSED_VARIABLE = YES;
				IPHONEOS_DEPLOYMENT_TARGET = 16.2;
				MTL_ENABLE_DEBUG_INFO = INCLUDE_SOURCE;
				MTL_FAST_MATH = YES;
				ONLY_ACTIVE_ARCH = YES;
				SDKROOT = iphoneos;
				SWIFT_ACTIVE_COMPILATION_CONDITIONS = DEBUG;
				SWIFT_OPTIMIZATION_LEVEL = "-Onone";
			};
			name = Debug;
		};
		8ACD4CB3296A046A003ACE0A /* Release */ = {
			isa = XCBuildConfiguration;
			buildSettings = {
				ALWAYS_SEARCH_USER_PATHS = NO;
				CLANG_ANALYZER_NONNULL = YES;
				CLANG_ANALYZER_NUMBER_OBJECT_CONVERSION = YES_AGGRESSIVE;
				CLANG_CXX_LANGUAGE_STANDARD = "gnu++20";
				CLANG_ENABLE_MODULES = YES;
				CLANG_ENABLE_OBJC_ARC = YES;
				CLANG_ENABLE_OBJC_WEAK = YES;
				CLANG_WARN_BLOCK_CAPTURE_AUTORELEASING = YES;
				CLANG_WARN_BOOL_CONVERSION = YES;
				CLANG_WARN_COMMA = YES;
				CLANG_WARN_CONSTANT_CONVERSION = YES;
				CLANG_WARN_DEPRECATED_OBJC_IMPLEMENTATIONS = YES;
				CLANG_WARN_DIRECT_OBJC_ISA_USAGE = YES_ERROR;
				CLANG_WARN_DOCUMENTATION_COMMENTS = YES;
				CLANG_WARN_EMPTY_BODY = YES;
				CLANG_WARN_ENUM_CONVERSION = YES;
				CLANG_WARN_INFINITE_RECURSION = YES;
				CLANG_WARN_INT_CONVERSION = YES;
				CLANG_WARN_NON_LITERAL_NULL_CONVERSION = YES;
				CLANG_WARN_OBJC_IMPLICIT_RETAIN_SELF = YES;
				CLANG_WARN_OBJC_LITERAL_CONVERSION = YES;
				CLANG_WARN_OBJC_ROOT_CLASS = YES_ERROR;
				CLANG_WARN_QUOTED_INCLUDE_IN_FRAMEWORK_HEADER = YES;
				CLANG_WARN_RANGE_LOOP_ANALYSIS = YES;
				CLANG_WARN_STRICT_PROTOTYPES = YES;
				CLANG_WARN_SUSPICIOUS_MOVE = YES;
				CLANG_WARN_UNGUARDED_AVAILABILITY = YES_AGGRESSIVE;
				CLANG_WARN_UNREACHABLE_CODE = YES;
				CLANG_WARN__DUPLICATE_METHOD_MATCH = YES;
				COPY_PHASE_STRIP = NO;
				DEBUG_INFORMATION_FORMAT = "dwarf-with-dsym";
				ENABLE_NS_ASSERTIONS = NO;
				ENABLE_STRICT_OBJC_MSGSEND = YES;
				GCC_C_LANGUAGE_STANDARD = gnu11;
				GCC_NO_COMMON_BLOCKS = YES;
				GCC_WARN_64_TO_32_BIT_CONVERSION = YES;
				GCC_WARN_ABOUT_RETURN_TYPE = YES_ERROR;
				GCC_WARN_UNDECLARED_SELECTOR = YES;
				GCC_WARN_UNINITIALIZED_AUTOS = YES_AGGRESSIVE;
				GCC_WARN_UNUSED_FUNCTION = YES;
				GCC_WARN_UNUSED_VARIABLE = YES;
				IPHONEOS_DEPLOYMENT_TARGET = 16.2;
				MTL_ENABLE_DEBUG_INFO = NO;
				MTL_FAST_MATH = YES;
				SDKROOT = iphoneos;
				SWIFT_COMPILATION_MODE = wholemodule;
				SWIFT_OPTIMIZATION_LEVEL = "-O";
				VALIDATE_PRODUCT = YES;
			};
			name = Release;
		};
		8ACD4CB5296A046A003ACE0A /* Debug */ = {
			isa = XCBuildConfiguration;
			buildSettings = {
				ASSETCATALOG_COMPILER_APPICON_NAME = AppIcon;
				ASSETCATALOG_COMPILER_GLOBAL_ACCENT_COLOR_NAME = AccentColor;
				ASSETCATALOG_COMPILER_INCLUDE_ALL_APPICON_ASSETS = YES;
				CODE_SIGN_STYLE = Automatic;
				CURRENT_PROJECT_VERSION = 1;
				DEVELOPMENT_ASSET_PATHS = "\"BabyGiraffe/Preview Content\"";
				DEVELOPMENT_TEAM = "";
				ENABLE_PREVIEWS = YES;
				GENERATE_INFOPLIST_FILE = YES;
				INFOPLIST_KEY_UIApplicationSceneManifest_Generation = YES;
				INFOPLIST_KEY_UIApplicationSupportsIndirectInputEvents = YES;
				INFOPLIST_KEY_UILaunchScreen_Generation = YES;
				INFOPLIST_KEY_UISupportedInterfaceOrientations_iPad = "UIInterfaceOrientationPortrait UIInterfaceOrientationPortraitUpsideDown UIInterfaceOrientationLandscapeLeft UIInterfaceOrientationLandscapeRight";
				INFOPLIST_KEY_UISupportedInterfaceOrientations_iPhone = "UIInterfaceOrientationPortrait UIInterfaceOrientationLandscapeLeft UIInterfaceOrientationLandscapeRight";
				LD_RUNPATH_SEARCH_PATHS = (
					"$(inherited)",
					"@executable_path/Frameworks",
				);
				MARKETING_VERSION = 1.0;
				PRODUCT_BUNDLE_IDENTIFIER = com.salma.BabyGiraffe;
				PRODUCT_NAME = "$(TARGET_NAME)";
				SUPPORTED_PLATFORMS = "iphoneos iphonesimulator";
				SUPPORTS_MACCATALYST = NO;
				SUPPORTS_MAC_DESIGNED_FOR_IPHONE_IPAD = YES;
				SWIFT_EMIT_LOC_STRINGS = YES;
				SWIFT_VERSION = 5.0;
				TARGETED_DEVICE_FAMILY = 2;
			};
			name = Debug;
		};
		8ACD4CB6296A046A003ACE0A /* Release */ = {
			isa = XCBuildConfiguration;
			buildSettings = {
				ASSETCATALOG_COMPILER_APPICON_NAME = AppIcon;
				ASSETCATALOG_COMPILER_GLOBAL_ACCENT_COLOR_NAME = AccentColor;
				ASSETCATALOG_COMPILER_INCLUDE_ALL_APPICON_ASSETS = YES;
				CODE_SIGN_STYLE = Automatic;
				CURRENT_PROJECT_VERSION = 1;
				DEVELOPMENT_ASSET_PATHS = "\"BabyGiraffe/Preview Content\"";
				DEVELOPMENT_TEAM = U7539R3954;
				ENABLE_PREVIEWS = YES;
				GENERATE_INFOPLIST_FILE = YES;
				INFOPLIST_KEY_UIApplicationSceneManifest_Generation = YES;
				INFOPLIST_KEY_UIApplicationSupportsIndirectInputEvents = YES;
				INFOPLIST_KEY_UILaunchScreen_Generation = YES;
				INFOPLIST_KEY_UISupportedInterfaceOrientations_iPad = "UIInterfaceOrientationPortrait UIInterfaceOrientationPortraitUpsideDown UIInterfaceOrientationLandscapeLeft UIInterfaceOrientationLandscapeRight";
				INFOPLIST_KEY_UISupportedInterfaceOrientations_iPhone = "UIInterfaceOrientationPortrait UIInterfaceOrientationLandscapeLeft UIInterfaceOrientationLandscapeRight";
				LD_RUNPATH_SEARCH_PATHS = (
					"$(inherited)",
					"@executable_path/Frameworks",
				);
				MARKETING_VERSION = 1.0;
				PRODUCT_BUNDLE_IDENTIFIER = com.BabyGiraffe;
				PRODUCT_NAME = "$(TARGET_NAME)";
				SUPPORTED_PLATFORMS = "iphoneos iphonesimulator";
				SUPPORTS_MACCATALYST = NO;
				SUPPORTS_MAC_DESIGNED_FOR_IPHONE_IPAD = YES;
				SWIFT_EMIT_LOC_STRINGS = YES;
				SWIFT_VERSION = 5.0;
				TARGETED_DEVICE_FAMILY = 2;
			};
			name = Release;
		};
/* End XCBuildConfiguration section */

/* Begin XCConfigurationList section */
		8ACD4CA1296A0469003ACE0A /* Build configuration list for PBXProject "BabyGiraffe" */ = {
			isa = XCConfigurationList;
			buildConfigurations = (
				8ACD4CB2296A046A003ACE0A /* Debug */,
				8ACD4CB3296A046A003ACE0A /* Release */,
			);
			defaultConfigurationIsVisible = 0;
			defaultConfigurationName = Release;
		};
		8ACD4CB4296A046A003ACE0A /* Build configuration list for PBXNativeTarget "BabyGiraffe" */ = {
			isa = XCConfigurationList;
			buildConfigurations = (
				8ACD4CB5296A046A003ACE0A /* Debug */,
				8ACD4CB6296A046A003ACE0A /* Release */,
			);
			defaultConfigurationIsVisible = 0;
			defaultConfigurationName = Release;
		};
/* End XCConfigurationList section */
	};
	rootObject = 8ACD4C9E296A0469003ACE0A /* Project object */;
}
